
Microsoft Visual Studio Solution File, Format Version 12.00
# Visual Studio Version 17
VisualStudioVersion = 17.11.35312.102
MinimumVisualStudioVersion = 10.0.40219.1
Project("{9A19103F-16F7-4668-BE54-9A1E7A4F7556}") = "Coursework_AMD", "Coursework_AMD\Coursework_AMD.csproj", "{38A34781-7C1E-4FC7-AC9F-A1630D2A54DA}"
EndProject
Global
	GlobalSection(SolutionConfigurationPlatforms) = preSolution
		Debug|Any CPU = Debug|Any CPU
		Release|Any CPU = Release|Any CPU
	EndGlobalSection
	GlobalSection(ProjectConfigurationPlatforms) = postSolution
		{38A34781-7C1E-4FC7-AC9F-A1630D2A54DA}.Debug|Any CPU.ActiveCfg = Debug|Any CPU
		{38A34781-7C1E-4FC7-AC9F-A1630D2A54DA}.Debug|Any CPU.Build.0 = Debug|Any CPU
		{38A34781-7C1E-4FC7-AC9F-A1630D2A54DA}.Release|Any CPU.ActiveCfg = Release|Any CPU
		{38A34781-7C1E-4FC7-AC9F-A1630D2A54DA}.Release|Any CPU.Build.0 = Release|Any CPU
	EndGlobalSection
	GlobalSection(SolutionProperties) = preSolution
		HideSolutionNode = FALSE
	EndGlobalSection
	GlobalSection(ExtensibilityGlobals) = postSolution
		SolutionGuid = {B0142885-1ABA-4DB9-A42D-7F8A18F4D210}
	EndGlobalSection
EndGlobal
